
Microsoft Visual Studio Solution File, Format Version 12.00
# Visual Studio Version 17
VisualStudioVersion = 17.4.33213.308
MinimumVisualStudioVersion = 10.0.40219.1
Project("{FAE04EC0-301F-11D3-BF4B-00C04F79EFBC}") = "KeePassFox", "KeePassFox.csproj", "{6A5942A4-9086-408E-A9B4-05ABC34BFD58}"
EndProject
Global
	GlobalSection(SolutionConfigurationPlatforms) = preSolution
		Debug|Any CPU = Debug|Any CPU
		Release|Any CPU = Release|Any CPU
	EndGlobalSection
	GlobalSection(ProjectConfigurationPlatforms) = postSolution
		{6A5942A4-9086-408E-A9B4-05ABC34BFD58}.Debug|Any CPU.ActiveCfg = Debug|Any CPU
		{6A5942A4-9086-408E-A9B4-05ABC34BFD58}.Debug|Any CPU.Build.0 = Debug|Any CPU
		{6A5942A4-9086-408E-A9B4-05ABC34BFD58}.Release|Any CPU.ActiveCfg = Release|Any CPU
		{6A5942A4-9086-408E-A9B4-05ABC34BFD58}.Release|Any CPU.Build.0 = Release|Any CPU
	EndGlobalSection
	GlobalSection(SolutionProperties) = preSolution
		HideSolutionNode = FALSE
	EndGlobalSection
	GlobalSection(ExtensibilityGlobals) = postSolution
		SolutionGuid = {C49EC7E2-D6C3-4961-B9B2-C887439F678D}
	EndGlobalSection
EndGlobal
